{
  "name": "miniwms-wasm-sqlite-assets",
  "version": "1.0.0",
  "lockfileVersion": 3,
  "requires": true,
  "packages": {
    "": {
      "name": "miniwms-wasm-sqlite-assets",
      "version": "1.0.0",
      "hasInstallScript": true,
      "dependencies": {
        "sql.js": "1.11.0"
      }
    },
    "node_modules/sql.js": {
      "version": "1.11.0",
      "resolved": "https://registry.npmjs.org/sql.js/-/sql.js-1.11.0.tgz",
      "integrity": "sha512-GsLUDU3vhOo14Pd5ME0y2te49JQyby6HuoCuadevEV+CGgTUjmYRrm7B7lhRyzOgrmcWmspUfyjNb6sOAEqdsA==",
      "license": "MIT"
    }
  }
}
